
Microsoft Visual Studio Solution File, Format Version 12.00
# Visual Studio Version 17
VisualStudioVersion = 17.14.37111.16
MinimumVisualStudioVersion = 10.0.40219.1
Project("{FAE04EC0-301F-11D3-BF4B-00C04F79EFBC}") = "TrackWise", "TrackWise\TrackWise.csproj", "{64458FF2-5505-6514-6867-0802443B80EE}"
EndProject
Global
	GlobalSection(SolutionConfigurationPlatforms) = preSolution
		Debug|Any CPU = Debug|Any CPU
		Release|Any CPU = Release|Any CPU
	EndGlobalSection
	GlobalSection(ProjectConfigurationPlatforms) = postSolution
		{64458FF2-5505-6514-6867-0802443B80EE}.Debug|Any CPU.ActiveCfg = Debug|Any CPU
		{64458FF2-5505-6514-6867-0802443B80EE}.Debug|Any CPU.Build.0 = Debug|Any CPU
		{64458FF2-5505-6514-6867-0802443B80EE}.Release|Any CPU.ActiveCfg = Release|Any CPU
		{64458FF2-5505-6514-6867-0802443B80EE}.Release|Any CPU.Build.0 = Release|Any CPU
	EndGlobalSection
	GlobalSection(SolutionProperties) = preSolution
		HideSolutionNode = FALSE
	EndGlobalSection
	GlobalSection(ExtensibilityGlobals) = postSolution
		SolutionGuid = {DDA792A8-2926-42AB-B57A-A33311922781}
	EndGlobalSection
EndGlobal
